Microsoft Visual Studio Solution File, Format Version 12.00
# Visual Studio Version 17
VisualStudioVersion = 17.3.32929.385
MinimumVisualStudioVersion = 10.0.40219.1
Project("{9A19103F-16F7-4668-BE54-9A1E7A4F7556}") = "Webfuel.App", "Webfuel.App\Webfuel.App.csproj", "{CC99C0DB-0CAD-4FE2-B328-41389E326B2C}"
EndProject
Project("{9A19103F-16F7-4668-BE54-9A1E7A4F7556}") = "Webfuel.Tools.Datafuel", "Webfuel.Tools.Datafuel\Webfuel.Tools.Datafuel.csproj", "{7C01F6C6-1363-498F-9D00-9B1378B20EBF}"
EndProject
Project("{9A19103F-16F7-4668-BE54-9A1E7A4F7556}") = "Webfuel.Core", "Webfuel.Core\Webfuel.Core.csproj", "{23B5AB95-9A78-4131-AEE7-B11DB374B17C}"
EndProject
Project("{9A19103F-16F7-4668-BE54-9A1E7A4F7556}") = "Webfuel.Tools.Typefuel", "Webfuel.Tools.Typefuel\Webfuel.Tools.Typefuel.csproj", "{7940906B-5232-4654-AC0C-0A0C8D612856}"
EndProject
Project("{2150E333-8FDC-42A3-9474-1A3956D46DE8}") = "Solution Items", "Solution Items", "{39D09A22-C764-4FAF-BD91-352CE317A602}"
	ProjectSection(SolutionItems) = preProject
		todo.txt = todo.txt
	EndProjectSection
EndProject
Project("{9A19103F-16F7-4668-BE54-9A1E7A4F7556}") = "Webfuel.Domain.Common", "Webfuel.Domain.Common\Webfuel.Domain.Common.csproj", "{D06AB49F-0E72-4520-AD53-B139FCC8EAC2}"
EndProject
Global
	GlobalSection(SolutionConfigurationPlatforms) = preSolution
		Debug|Any CPU = Debug|Any CPU
		Release|Any CPU = Release|Any CPU
	EndGlobalSection
	GlobalSection(ProjectConfigurationPlatforms) = postSolution
		{CC99C0DB-0CAD-4FE2-B328-41389E326B2C}.Debug|Any CPU.ActiveCfg = Debug|Any CPU
		{CC99C0DB-0CAD-4FE2-B328-41389E326B2C}.Debug|Any CPU.Build.0 = Debug|Any CPU
		{CC99C0DB-0CAD-4FE2-B328-41389E326B2C}.Release|Any CPU.ActiveCfg = Release|Any CPU
		{CC99C0DB-0CAD-4FE2-B328-41389E326B2C}.Release|Any CPU.Build.0 = Release|Any CPU
		{7C01F6C6-1363-498F-9D00-9B1378B20EBF}.Debug|Any CPU.ActiveCfg = Debug|Any CPU
		{7C01F6C6-1363-498F-9D00-9B1378B20EBF}.Debug|Any CPU.Build.0 = Debug|Any CPU
		{7C01F6C6-1363-498F-9D00-9B1378B20EBF}.Release|Any CPU.ActiveCfg = Release|Any CPU
		{7C01F6C6-1363-498F-9D00-9B1378B20EBF}.Release|Any CPU.Build.0 = Release|Any CPU
		{23B5AB95-9A78-4131-AEE7-B11DB374B17C}.Debug|Any CPU.ActiveCfg = Debug|Any CPU
		{23B5AB95-9A78-4131-AEE7-B11DB374B17C}.Debug|Any CPU.Build.0 = Debug|Any CPU
		{23B5AB95-9A78-4131-AEE7-B11DB374B17C}.Release|Any CPU.ActiveCfg = Release|Any CPU
		{23B5AB95-9A78-4131-AEE7-B11DB374B17C}.Release|Any CPU.Build.0 = Release|Any CPU
		{7940906B-5232-4654-AC0C-0A0C8D612856}.Debug|Any CPU.ActiveCfg = Debug|Any CPU
		{7940906B-5232-4654-AC0C-0A0C8D612856}.Debug|Any CPU.Build.0 = Debug|Any CPU
		{7940906B-5232-4654-AC0C-0A0C8D612856}.Release|Any CPU.ActiveCfg = Release|Any CPU
		{7940906B-5232-4654-AC0C-0A0C8D612856}.Release|Any CPU.Build.0 = Release|Any CPU
		{D06AB49F-0E72-4520-AD53-B139FCC8EAC2}.Debug|Any CPU.ActiveCfg = Debug|Any CPU
		{D06AB49F-0E72-4520-AD53-B139FCC8EAC2}.Debug|Any CPU.Build.0 = Debug|Any CPU
		{D06AB49F-0E72-4520-AD53-B139FCC8EAC2}.Release|Any CPU.ActiveCfg = Release|Any CPU
		{D06AB49F-0E72-4520-AD53-B139FCC8EAC2}.Release|Any CPU.Build.0 = Release|Any CPU
	EndGlobalSection
	GlobalSection(SolutionProperties) = preSolution
		HideSolutionNode = FALSE
	EndGlobalSection
	GlobalSection(ExtensibilityGlobals) = postSolution
		SolutionGuid = {D65BDF93-4AA9-448E-B738-DE6740970AE7}
	EndGlobalSection
EndGlobal
